// !$*UTF8*$!
{
	archiveVersion = 1;
	classes = {
	};
	objectVersion = 46;
	objects = {

/* Begin PBXBuildFile section */
		1A7C53A7197D1C8200EE9A26 /* AppDelegate.swift in Sources */ = {isa = PBXBuildFile; fileRef = 1A7C5397197D1C8200EE9A26 /* AppDelegate.swift */; };
		1A7C53A8197D1C8200EE9A26 /* ViewController.swift in Sources */ = {isa = PBXBuildFile; fileRef = 1A7C5399197D1C8200EE9A26 /* ViewController.swift */; };
		1A7C53A9197D1C8200EE9A26 /* Main.storyboard in Resources */ = {isa = PBXBuildFile; fileRef = 1A7C539C197D1C8200EE9A26 /* Main.storyboard */; };
		1A7C53AA197D1C8200EE9A26 /* Images.xcassets in Resources */ = {isa = PBXBuildFile; fileRef = 1A7C539E197D1C8200EE9A26 /* Images.xcassets */; };
		1A7C53AE197D1D1700EE9A26 /* OpenInPapersExtensionTests.swift in Sources */ = {isa = PBXBuildFile; fileRef = 1A7C53A4197D1C8200EE9A26 /* OpenInPapersExtensionTests.swift */; };
		1AD02CB31986760E009568F5 /* OpenInPapersExtension.appex in Embed App Extensions */ = {isa = PBXBuildFile; fileRef = 1AD02CA81986760D009568F5 /* OpenInPapersExtension.appex */; };
		1AD02CBF19867661009568F5 /* ActionViewController.swift in Sources */ = {isa = PBXBuildFile; fileRef = 1AD02CBB19867661009568F5 /* ActionViewController.swift */; };
		1AD02CC019867661009568F5 /* Info.plist in Resources */ = {isa = PBXBuildFile; fileRef = 1AD02CBD19867661009568F5 /* Info.plist */; };
		1AD02CC119867661009568F5 /* MainInterface.storyboard in Resources */ = {isa = PBXBuildFile; fileRef = 1AD02CBE19867661009568F5 /* MainInterface.storyboard */; };
/* End PBXBuildFile section */

/* Begin PBXContainerItemProxy section */
		1A7C5386197D1A8A00EE9A26 /* PBXContainerItemProxy */ = {
			isa = PBXContainerItemProxy;
			containerPortal = 1A7C536B197D1A8900EE9A26 /* Project object */;
			proxyType = 1;
			remoteGlobalIDString = 1A7C5372197D1A8900EE9A26;
			remoteInfo = OpenInPapersExtension;
		};
		1AD02CB01986760E009568F5 /* PBXContainerItemProxy */ = {
			isa = PBXContainerItemProxy;
			containerPortal = 1A7C536B197D1A8900EE9A26 /* Project object */;
			proxyType = 1;
			remoteGlobalIDString = 1AD02CA71986760D009568F5;
			remoteInfo = OpenInPapersExtension;
		};
		1AD02CB41986760E009568F5 /* PBXContainerItemProxy */ = {
			isa = PBXContainerItemProxy;
			containerPortal = 1A7C536B197D1A8900EE9A26 /* Project object */;
			proxyType = 1;
			remoteGlobalIDString = 1AD02CA71986760D009568F5;
			remoteInfo = OpenInPapersExtension;
		};
/* End PBXContainerItemProxy section */

/* Begin PBXCopyFilesBuildPhase section */
		1AD02CB21986760E009568F5 /* Embed App Extensions */ = {
			isa = PBXCopyFilesBuildPhase;
			buildActionMask = 2147483647;
			dstPath = "";
			dstSubfolderSpec = 13;
			files = (
				1AD02CB31986760E009568F5 /* OpenInPapersExtension.appex in Embed App Extensions */,
			);
			name = "Embed App Extensions";
			runOnlyForDeploymentPostprocessing = 0;
		};
/* End PBXCopyFilesBuildPhase section */

/* Begin PBXFileReference section */
		1A7C5373197D1A8900EE9A26 /* OpenInPapers.app */ = {isa = PBXFileReference; explicitFileType = wrapper.application; includeInIndex = 0; path = OpenInPapers.app; sourceTree = BUILT_PRODUCTS_DIR; };
		1A7C5385197D1A8A00EE9A26 /* OpenInPapersTests.xctest */ = {isa = PBXFileReference; explicitFileType = wrapper.cfbundle; includeInIndex = 0; path = OpenInPapersTests.xctest; sourceTree = BUILT_PRODUCTS_DIR; };
		1A7C5397197D1C8200EE9A26 /* AppDelegate.swift */ = {isa = PBXFileReference; fileEncoding = 4; lastKnownFileType = sourcecode.swift; path = AppDelegate.swift; sourceTree = "<group>"; };
		1A7C5399197D1C8200EE9A26 /* ViewController.swift */ = {isa = PBXFileReference; fileEncoding = 4; lastKnownFileType = sourcecode.swift; path = ViewController.swift; sourceTree = "<group>"; };
		1A7C539D197D1C8200EE9A26 /* Base */ = {isa = PBXFileReference; lastKnownFileType = file.storyboard; name = Base; path = Base.lproj/Main.storyboard; sourceTree = "<group>"; };
		1A7C539E197D1C8200EE9A26 /* Images.xcassets */ = {isa = PBXFileReference; lastKnownFileType = folder.assetcatalog; path = Images.xcassets; sourceTree = "<group>"; };
		1A7C53A0197D1C8200EE9A26 /* Info.plist */ = {isa = PBXFileReference; fileEncoding = 4; lastKnownFileType = text.plist.xml; path = Info.plist; sourceTree = "<group>"; };
		1A7C53A4197D1C8200EE9A26 /* OpenInPapersExtensionTests.swift */ = {isa = PBXFileReference; fileEncoding = 4; lastKnownFileType = sourcecode.swift; path = OpenInPapersExtensionTests.swift; sourceTree = "<group>"; };
		1A7C53A6197D1C8200EE9A26 /* Info.plist */ = {isa = PBXFileReference; fileEncoding = 4; lastKnownFileType = text.plist.xml; path = Info.plist; sourceTree = "<group>"; };
		1AD02CA81986760D009568F5 /* OpenInPapersExtension.appex */ = {isa = PBXFileReference; explicitFileType = "wrapper.app-extension"; includeInIndex = 0; path = OpenInPapersExtension.appex; sourceTree = BUILT_PRODUCTS_DIR; };
		1AD02CBB19867661009568F5 /* ActionViewController.swift */ = {isa = PBXFileReference; fileEncoding = 4; lastKnownFileType = sourcecode.swift; path = ActionViewController.swift; sourceTree = "<group>"; };
		1AD02CBD19867661009568F5 /* Info.plist */ = {isa = PBXFileReference; fileEncoding = 4; lastKnownFileType = text.plist.xml; path = Info.plist; sourceTree = "<group>"; };
		1AD02CBE19867661009568F5 /* MainInterface.storyboard */ = {isa = PBXFileReference; fileEncoding = 4; lastKnownFileType = file.storyboard; path = MainInterface.storyboard; sourceTree = "<group>"; };
/* End PBXFileReference section */

/* Begin PBXFrameworksBuildPhase section */
		1A7C5370197D1A8900EE9A26 /* Frameworks */ = {
			isa = PBXFrameworksBuildPhase;
			buildActionMask = 2147483647;
			files = (
			);
			runOnlyForDeploymentPostprocessing = 0;
		};
		1A7C5382197D1A8A00EE9A26 /* Frameworks */ = {
			isa = PBXFrameworksBuildPhase;
			buildActionMask = 2147483647;
			files = (
			);
			runOnlyForDeploymentPostprocessing = 0;
		};
		1AD02CA51986760D009568F5 /* Frameworks */ = {
			isa = PBXFrameworksBuildPhase;
			buildActionMask = 2147483647;
			files = (
			);
			runOnlyForDeploymentPostprocessing = 0;
		};
/* End PBXFrameworksBuildPhase section */

/* Begin PBXGroup section */
		1A7C536A197D1A8900EE9A26 = {
			isa = PBXGroup;
			children = (
				1AD02CB919867661009568F5 /* OpenInPapersExtension */,
				1A7C5395197D1C8200EE9A26 /* OpenInPapers */,
				1A7C53A2197D1C8200EE9A26 /* OpenInPapersTests */,
				1A7C5374197D1A8900EE9A26 /* Products */,
			);
			sourceTree = "<group>";
		};
		1A7C5374197D1A8900EE9A26 /* Products */ = {
			isa = PBXGroup;
			children = (
				1A7C5373197D1A8900EE9A26 /* OpenInPapers.app */,
				1A7C5385197D1A8A00EE9A26 /* OpenInPapersTests.xctest */,
				1AD02CA81986760D009568F5 /* OpenInPapersExtension.appex */,
			);
			name = Products;
			sourceTree = "<group>";
		};
		1A7C5395197D1C8200EE9A26 /* OpenInPapers */ = {
			isa = PBXGroup;
			children = (
				1A7C5396197D1C8200EE9A26 /* App Delegate */,
				1A7C5398197D1C8200EE9A26 /* Controller */,
				1A7C539A197D1C8200EE9A26 /* Model */,
				1A7C539B197D1C8200EE9A26 /* Resources */,
				1A7C539F197D1C8200EE9A26 /* Supporting Files */,
				1A7C53A1197D1C8200EE9A26 /* View */,
			);
			path = OpenInPapers;
			sourceTree = "<group>";
		};
		1A7C5396197D1C8200EE9A26 /* App Delegate */ = {
			isa = PBXGroup;
			children = (
				1A7C5397197D1C8200EE9A26 /* AppDelegate.swift */,
			);
			path = "App Delegate";
			sourceTree = "<group>";
		};
		1A7C5398197D1C8200EE9A26 /* Controller */ = {
			isa = PBXGroup;
			children = (
				1A7C5399197D1C8200EE9A26 /* ViewController.swift */,
			);
			path = Controller;
			sourceTree = "<group>";
		};
		1A7C539A197D1C8200EE9A26 /* Model */ = {
			isa = PBXGroup;
			children = (
			);
			path = Model;
			sourceTree = "<group>";
		};
		1A7C539B197D1C8200EE9A26 /* Resources */ = {
			isa = PBXGroup;
			children = (
				1A7C539C197D1C8200EE9A26 /* Main.storyboard */,
				1A7C539E197D1C8200EE9A26 /* Images.xcassets */,
			);
			path = Resources;
			sourceTree = "<group>";
		};
		1A7C539F197D1C8200EE9A26 /* Supporting Files */ = {
			isa = PBXGroup;
			children = (
				1A7C53A0197D1C8200EE9A26 /* Info.plist */,
			);
			path = "Supporting Files";
			sourceTree = "<group>";
		};
		1A7C53A1197D1C8200EE9A26 /* View */ = {
			isa = PBXGroup;
			children = (
			);
			path = View;
			sourceTree = "<group>";
		};
		1A7C53A2197D1C8200EE9A26 /* OpenInPapersTests */ = {
			isa = PBXGroup;
			children = (
				1A7C53A3197D1C8200EE9A26 /* Source */,
				1A7C53A5197D1C8200EE9A26 /* Supporting Files */,
			);
			path = OpenInPapersTests;
			sourceTree = "<group>";
		};
		1A7C53A3197D1C8200EE9A26 /* Source */ = {
			isa = PBXGroup;
			children = (
				1A7C53A4197D1C8200EE9A26 /* OpenInPapersExtensionTests.swift */,
			);
			path = Source;
			sourceTree = "<group>";
		};
		1A7C53A5197D1C8200EE9A26 /* Supporting Files */ = {
			isa = PBXGroup;
			children = (
				1A7C53A6197D1C8200EE9A26 /* Info.plist */,
			);
			path = "Supporting Files";
			sourceTree = "<group>";
		};
		1AD02CB919867661009568F5 /* OpenInPapersExtension */ = {
			isa = PBXGroup;
			children = (
				1AD02CBA19867661009568F5 /* Controller */,
				1AD02CBC19867661009568F5 /* Supporting Files */,
			);
			path = OpenInPapersExtension;
			sourceTree = "<group>";
		};
		1AD02CBA19867661009568F5 /* Controller */ = {
			isa = PBXGroup;
			children = (
				1AD02CBB19867661009568F5 /* ActionViewController.swift */,
			);
			path = Controller;
			sourceTree = "<group>";
		};
		1AD02CBC19867661009568F5 /* Supporting Files */ = {
			isa = PBXGroup;
			children = (
				1AD02CBD19867661009568F5 /* Info.plist */,
				1AD02CBE19867661009568F5 /* MainInterface.storyboard */,
			);
			path = "Supporting Files";
			sourceTree = "<group>";
		};
/* End PBXGroup section */

/* Begin PBXNativeTarget section */
		1A7C5372197D1A8900EE9A26 /* OpenInPapers */ = {
			isa = PBXNativeTarget;
			buildConfigurationList = 1A7C538F197D1A8A00EE9A26 /* Build configuration list for PBXNativeTarget "OpenInPapers" */;
			buildPhases = (
				1A7C536F197D1A8900EE9A26 /* Sources */,
				1A7C5370197D1A8900EE9A26 /* Frameworks */,
				1A7C5371197D1A8900EE9A26 /* Resources */,
				1AD02CB21986760E009568F5 /* Embed App Extensions */,
			);
			buildRules = (
			);
			dependencies = (
				1AD02CB11986760E009568F5 /* PBXTargetDependency */,
				1AD02CB51986760E009568F5 /* PBXTargetDependency */,
			);
			name = OpenInPapers;
			productName = OpenInPapersExtension;
			productReference = 1A7C5373197D1A8900EE9A26 /* OpenInPapers.app */;
			productType = "com.apple.product-type.application";
		};
		1A7C5384197D1A8A00EE9A26 /* OpenInPapersTests */ = {
			isa = PBXNativeTarget;
			buildConfigurationList = 1A7C5392197D1A8A00EE9A26 /* Build configuration list for PBXNativeTarget "OpenInPapersTests" */;
			buildPhases = (
				1A7C5381197D1A8A00EE9A26 /* Sources */,
				1A7C5382197D1A8A00EE9A26 /* Frameworks */,
				1A7C5383197D1A8A00EE9A26 /* Resources */,
			);
			buildRules = (
			);
			dependencies = (
				1A7C5387197D1A8A00EE9A26 /* PBXTargetDependency */,
			);
			name = OpenInPapersTests;
			productName = OpenInPapersExtensionTests;
			productReference = 1A7C5385197D1A8A00EE9A26 /* OpenInPapersTests.xctest */;
			productType = "com.apple.product-type.bundle.unit-test";
		};
		1AD02CA71986760D009568F5 /* OpenInPapersExtension */ = {
			isa = PBXNativeTarget;
			buildConfigurationList = 1AD02CB81986760E009568F5 /* Build configuration list for PBXNativeTarget "OpenInPapersExtension" */;
			buildPhases = (
				1AD02CA41986760D009568F5 /* Sources */,
				1AD02CA51986760D009568F5 /* Frameworks */,
				1AD02CA61986760D009568F5 /* Resources */,
			);
			buildRules = (
			);
			dependencies = (
			);
			name = OpenInPapersExtension;
			productName = OpenInPapersExtension;
			productReference = 1AD02CA81986760D009568F5 /* OpenInPapersExtension.appex */;
			productType = "com.apple.product-type.app-extension";
		};
/* End PBXNativeTarget section */

/* Begin PBXProject section */
		1A7C536B197D1A8900EE9A26 /* Project object */ = {
			isa = PBXProject;
			attributes = {
				LastUpgradeCheck = 0600;
				ORGANIZATIONNAME = "James Valaitis";
				TargetAttributes = {
					1A7C5372197D1A8900EE9A26 = {
						CreatedOnToolsVersion = 6.0;
					};
					1A7C5384197D1A8A00EE9A26 = {
						CreatedOnToolsVersion = 6.0;
						TestTargetID = 1A7C5372197D1A8900EE9A26;
					};
					1AD02CA71986760D009568F5 = {
						CreatedOnToolsVersion = 6.0;
					};
				};
			};
			buildConfigurationList = 1A7C536E197D1A8900EE9A26 /* Build configuration list for PBXProject "OpenInPapers" */;
			compatibilityVersion = "Xcode 3.2";
			developmentRegion = English;
			hasScannedForEncodings = 0;
			knownRegions = (
				en,
				Base,
			);
			mainGroup = 1A7C536A197D1A8900EE9A26;
			productRefGroup = 1A7C5374197D1A8900EE9A26 /* Products */;
			projectDirPath = "";
			projectRoot = "";
			targets = (
				1A7C5372197D1A8900EE9A26 /* OpenInPapers */,
				1A7C5384197D1A8A00EE9A26 /* OpenInPapersTests */,
				1AD02CA71986760D009568F5 /* OpenInPapersExtension */,
			);
		};
/* End PBXProject section */

/* Begin PBXResourcesBuildPhase section */
		1A7C5371197D1A8900EE9A26 /* Resources */ = {
			isa = PBXResourcesBuildPhase;
			buildActionMask = 2147483647;
			files = (
				1A7C53A9197D1C8200EE9A26 /* Main.storyboard in Resources */,
				1AD02CC119867661009568F5 /* MainInterface.storyboard in Resources */,
				1A7C53AA197D1C8200EE9A26 /* Images.xcassets in Resources */,
				1AD02CC019867661009568F5 /* Info.plist in Resources */,
			);
			runOnlyForDeploymentPostprocessing = 0;
		};
		1A7C5383197D1A8A00EE9A26 /* Resources */ = {
			isa = PBXResourcesBuildPhase;
			buildActionMask = 2147483647;
			files = (
			);
			runOnlyForDeploymentPostprocessing = 0;
		};
		1AD02CA61986760D009568F5 /* Resources */ = {
			isa = PBXResourcesBuildPhase;
			buildActionMask = 2147483647;
			files = (
			);
			runOnlyForDeploymentPostprocessing = 0;
		};
/* End PBXResourcesBuildPhase section */

/* Begin PBXSourcesBuildPhase section */
		1A7C536F197D1A8900EE9A26 /* Sources */ = {
			isa = PBXSourcesBuildPhase;
			buildActionMask = 2147483647;
			files = (
				1A7C53A8197D1C8200EE9A26 /* ViewController.swift in Sources */,
				1A7C53A7197D1C8200EE9A26 /* AppDelegate.swift in Sources */,
				1AD02CBF19867661009568F5 /* ActionViewController.swift in Sources */,
			);
			runOnlyForDeploymentPostprocessing = 0;
		};
		1A7C5381197D1A8A00EE9A26 /* Sources */ = {
			isa = PBXSourcesBuildPhase;
			buildActionMask = 2147483647;
			files = (
				1A7C53AE197D1D1700EE9A26 /* OpenInPapersExtensionTests.swift in Sources */,
			);
			runOnlyForDeploymentPostprocessing = 0;
		};
		1AD02CA41986760D009568F5 /* Sources */ = {
			isa = PBXSourcesBuildPhase;
			buildActionMask = 2147483647;
			files = (
			);
			runOnlyForDeploymentPostprocessing = 0;
		};
/* End PBXSourcesBuildPhase section */

/* Begin PBXTargetDependency section */
		1A7C5387197D1A8A00EE9A26 /* PBXTargetDependency */ = {
			isa = PBXTargetDependency;
			target = 1A7C5372197D1A8900EE9A26 /* OpenInPapers */;
			targetProxy = 1A7C5386197D1A8A00EE9A26 /* PBXContainerItemProxy */;
		};
		1AD02CB11986760E009568F5 /* PBXTargetDependency */ = {
			isa = PBXTargetDependency;
			target = 1AD02CA71986760D009568F5 /* OpenInPapersExtension */;
			targetProxy = 1AD02CB01986760E009568F5 /* PBXContainerItemProxy */;
		};
		1AD02CB51986760E009568F5 /* PBXTargetDependency */ = {
			isa = PBXTargetDependency;
			target = 1AD02CA71986760D009568F5 /* OpenInPapersExtension */;
			targetProxy = 1AD02CB41986760E009568F5 /* PBXContainerItemProxy */;
		};
/* End PBXTargetDependency section */

/* Begin PBXVariantGroup section */
		1A7C539C197D1C8200EE9A26 /* Main.storyboard */ = {
			isa = PBXVariantGroup;
			children = (
				1A7C539D197D1C8200EE9A26 /* Base */,
			);
			name = Main.storyboard;
			sourceTree = "<group>";
		};
/* End PBXVariantGroup section */

/* Begin XCBuildConfiguration section */
		1A7C538D197D1A8A00EE9A26 /* Debug */ = {
			isa = XCBuildConfiguration;
			buildSettings = {
				ALWAYS_SEARCH_USER_PATHS = NO;
				CLANG_CXX_LANGUAGE_STANDARD = "gnu++0x";
				CLANG_CXX_LIBRARY = "libc++";
				CLANG_ENABLE_MODULES = YES;
				CLANG_ENABLE_OBJC_ARC = YES;
				CLANG_WARN_BOOL_CONVERSION = YES;
				CLANG_WARN_CONSTANT_CONVERSION = YES;
				CLANG_WARN_DIRECT_OBJC_ISA_USAGE = YES_ERROR;
				CLANG_WARN_EMPTY_BODY = YES;
				CLANG_WARN_ENUM_CONVERSION = YES;
				CLANG_WARN_INT_CONVERSION = YES;
				CLANG_WARN_OBJC_ROOT_CLASS = YES_ERROR;
				CLANG_WARN_UNREACHABLE_CODE = YES;
				CLANG_WARN__DUPLICATE_METHOD_MATCH = YES;
				"CODE_SIGN_IDENTITY[sdk=iphoneos*]" = "iPhone Developer";
				COPY_PHASE_STRIP = NO;
				ENABLE_STRICT_OBJC_MSGSEND = YES;
				GCC_C_LANGUAGE_STANDARD = gnu99;
				GCC_DYNAMIC_NO_PIC = NO;
				GCC_OPTIMIZATION_LEVEL = 0;
				GCC_PREPROCESSOR_DEFINITIONS = (
					"DEBUG=1",
					"$(inherited)",
				);
				GCC_SYMBOLS_PRIVATE_EXTERN = NO;
				GCC_WARN_64_TO_32_BIT_CONVERSION = YES;
				GCC_WARN_ABOUT_RETURN_TYPE = YES_ERROR;
				GCC_WARN_UNDECLARED_SELECTOR = YES;
				GCC_WARN_UNINITIALIZED_AUTOS = YES_AGGRESSIVE;
				GCC_WARN_UNUSED_FUNCTION = YES;
				GCC_WARN_UNUSED_VARIABLE = YES;
				IPHONEOS_DEPLOYMENT_TARGET = 8.0;
				MTL_ENABLE_DEBUG_INFO = YES;
				ONLY_ACTIVE_ARCH = YES;
				SDKROOT = iphoneos;
				SWIFT_OPTIMIZATION_LEVEL = "-Onone";
				TARGETED_DEVICE_FAMILY = "1,2";
			};
			name = Debug;
		};
		1A7C538E197D1A8A00EE9A26 /* Release */ = {
			isa = XCBuildConfiguration;
			buildSettings = {
				ALWAYS_SEARCH_USER_PATHS = NO;
				CLANG_CXX_LANGUAGE_STANDARD = "gnu++0x";
				CLANG_CXX_LIBRARY = "libc++";
				CLANG_ENABLE_MODULES = YES;
				CLANG_ENABLE_OBJC_ARC = YES;
				CLANG_WARN_BOOL_CONVERSION = YES;
				CLANG_WARN_CONSTANT_CONVERSION = YES;
				CLANG_WARN_DIRECT_OBJC_ISA_USAGE = YES_ERROR;
				CLANG_WARN_EMPTY_BODY = YES;
				CLANG_WARN_ENUM_CONVERSION = YES;
				CLANG_WARN_INT_CONVERSION = YES;
				CLANG_WARN_OBJC_ROOT_CLASS = YES_ERROR;
				CLANG_WARN_UNREACHABLE_CODE = YES;
				CLANG_WARN__DUPLICATE_METHOD_MATCH = YES;
				"CODE_SIGN_IDENTITY[sdk=iphoneos*]" = "iPhone Developer";
				COPY_PHASE_STRIP = YES;
				ENABLE_NS_ASSERTIONS = NO;
				ENABLE_STRICT_OBJC_MSGSEND = YES;
				GCC_C_LANGUAGE_STANDARD = gnu99;
				GCC_WARN_64_TO_32_BIT_CONVERSION = YES;
				GCC_WARN_ABOUT_RETURN_TYPE = YES_ERROR;
				GCC_WARN_UNDECLARED_SELECTOR = YES;
				GCC_WARN_UNINITIALIZED_AUTOS = YES_AGGRESSIVE;
				GCC_WARN_UNUSED_FUNCTION = YES;
				GCC_WARN_UNUSED_VARIABLE = YES;
				IPHONEOS_DEPLOYMENT_TARGET = 8.0;
				MTL_ENABLE_DEBUG_INFO = NO;
				SDKROOT = iphoneos;
				TARGETED_DEVICE_FAMILY = "1,2";
				VALIDATE_PRODUCT = YES;
			};
			name = Release;
		};
		1A7C5390197D1A8A00EE9A26 /* Debug */ = {
			isa = XCBuildConfiguration;
			buildSettings = {
				ASSETCATALOG_COMPILER_APPICON_NAME = AppIcon;
				ASSETCATALOG_COMPILER_LAUNCHIMAGE_NAME = LaunchImage;
				INFOPLIST_FILE = "$(SRCROOT)/OpenInPapers/Supporting Files/Info.plist";
				LD_RUNPATH_SEARCH_PATHS = "$(inherited) @executable_path/Frameworks";
				PRODUCT_NAME = OpenInPapers;
			};
			name = Debug;
		};
		1A7C5391197D1A8A00EE9A26 /* Release */ = {
			isa = XCBuildConfiguration;
			buildSettings = {
				ASSETCATALOG_COMPILER_APPICON_NAME = AppIcon;
				ASSETCATALOG_COMPILER_LAUNCHIMAGE_NAME = LaunchImage;
				INFOPLIST_FILE = "$(SRCROOT)/OpenInPapers/Supporting Files/Info.plist";
				LD_RUNPATH_SEARCH_PATHS = "$(inherited) @executable_path/Frameworks";
				PRODUCT_NAME = OpenInPapers;
			};
			name = Release;
		};
		1A7C5393197D1A8A00EE9A26 /* Debug */ = {
			isa = XCBuildConfiguration;
			buildSettings = {
				BUNDLE_LOADER = "$(BUILT_PRODUCTS_DIR)/OpenInPapersExtension.app/OpenInPapersExtension";
				FRAMEWORK_SEARCH_PATHS = (
					"$(SDKROOT)/Developer/Library/Frameworks",
					"$(inherited)",
				);
				GCC_PREPROCESSOR_DEFINITIONS = (
					"DEBUG=1",
					"$(inherited)",
				);
				INFOPLIST_FILE = "OpenInPapersTests/Supporting Files/Info.plist";
				LD_RUNPATH_SEARCH_PATHS = "$(inherited) @executable_path/Frameworks @loader_path/Frameworks";
				PRODUCT_NAME = OpenInPapersTests;
				TEST_HOST = "$(BUNDLE_LOADER)";
			};
			name = Debug;
		};
		1A7C5394197D1A8A00EE9A26 /* Release */ = {
			isa = XCBuildConfiguration;
			buildSettings = {
				BUNDLE_LOADER = "$(BUILT_PRODUCTS_DIR)/OpenInPapersExtension.app/OpenInPapersExtension";
				FRAMEWORK_SEARCH_PATHS = (
					"$(SDKROOT)/Developer/Library/Frameworks",
					"$(inherited)",
				);
				INFOPLIST_FILE = "OpenInPapersTests/Supporting Files/Info.plist";
				LD_RUNPATH_SEARCH_PATHS = "$(inherited) @executable_path/Frameworks @loader_path/Frameworks";
				PRODUCT_NAME = OpenInPapersTests;
				TEST_HOST = "$(BUNDLE_LOADER)";
			};
			name = Release;
		};
		1AD02CB61986760E009568F5 /* Debug */ = {
			isa = XCBuildConfiguration;
			buildSettings = {
				GCC_PREPROCESSOR_DEFINITIONS = (
					"DEBUG=1",
					"$(inherited)",
				);
				INFOPLIST_FILE = "$(SRCROOT)/OpenInPapersExtension/Supporting Files/Info.plist";
				LD_RUNPATH_SEARCH_PATHS = "$(inherited) @executable_path/Frameworks @executable_path/../../Frameworks";
				PRODUCT_NAME = "$(TARGET_NAME)";
				SKIP_INSTALL = YES;
			};
			name = Debug;
		};
		1AD02CB71986760E009568F5 /* Release */ = {
			isa = XCBuildConfiguration;
			buildSettings = {
				INFOPLIST_FILE = "$(SRCROOT)/OpenInPapersExtension/Supporting Files/Info.plist";
				LD_RUNPATH_SEARCH_PATHS = "$(inherited) @executable_path/Frameworks @executable_path/../../Frameworks";
				PRODUCT_NAME = "$(TARGET_NAME)";
				SKIP_INSTALL = YES;
			};
			name = Release;
		};
/* End XCBuildConfiguration section */

/* Begin XCConfigurationList section */
		1A7C536E197D1A8900EE9A26 /* Build configuration list for PBXProject "OpenInPapers" */ = {
			isa = XCConfigurationList;
			buildConfigurations = (
				1A7C538D197D1A8A00EE9A26 /* Debug */,
				1A7C538E197D1A8A00EE9A26 /* Release */,
			);
			defaultConfigurationIsVisible = 0;
			defaultConfigurationName = Release;
		};
		1A7C538F197D1A8A00EE9A26 /* Build configuration list for PBXNativeTarget "OpenInPapers" */ = {
			isa = XCConfigurationList;
			buildConfigurations = (
				1A7C5390197D1A8A00EE9A26 /* Debug */,
				1A7C5391197D1A8A00EE9A26 /* Release */,
			);
			defaultConfigurationIsVisible = 0;
			defaultConfigurationName = Release;
		};
		1A7C5392197D1A8A00EE9A26 /* Build configuration list for PBXNativeTarget "OpenInPapersTests" */ = {
			isa = XCConfigurationList;
			buildConfigurations = (
				1A7C5393197D1A8A00EE9A26 /* Debug */,
				1A7C5394197D1A8A00EE9A26 /* Release */,
			);
			defaultConfigurationIsVisible = 0;
			defaultConfigurationName = Release;
		};
		1AD02CB81986760E009568F5 /* Build configuration list for PBXNativeTarget "OpenInPapersExtension" */ = {
			isa = XCConfigurationList;
			buildConfigurations = (
				1AD02CB61986760E009568F5 /* Debug */,
				1AD02CB71986760E009568F5 /* Release */,
			);
			defaultConfigurationIsVisible = 0;
		};
/* End XCConfigurationList section */
	};
	rootObject = 1A7C536B197D1A8900EE9A26 /* Project object */;
}
