// !$*UTF8*$!
{
	archiveVersion = 1;
	classes = {
	};
	objectVersion = 46;
	objects = {

/* Begin PBXBuildFile section */
		1A7C5379197D1A8900EE9A26 /* AppDelegate.swift in Sources */ = {isa = PBXBuildFile; fileRef = 1A7C5378197D1A8900EE9A26 /* AppDelegate.swift */; };
		1A7C537B197D1A8900EE9A26 /* ViewController.swift in Sources */ = {isa = PBXBuildFile; fileRef = 1A7C537A197D1A8900EE9A26 /* ViewController.swift */; };
		1A7C537E197D1A8900EE9A26 /* Main.storyboard in Resources */ = {isa = PBXBuildFile; fileRef = 1A7C537C197D1A8900EE9A26 /* Main.storyboard */; };
		1A7C5380197D1A8900EE9A26 /* Images.xcassets in Resources */ = {isa = PBXBuildFile; fileRef = 1A7C537F197D1A8900EE9A26 /* Images.xcassets */; };
		1A7C538C197D1A8A00EE9A26 /* OpenInPapersExtensionTests.swift in Sources */ = {isa = PBXBuildFile; fileRef = 1A7C538B197D1A8A00EE9A26 /* OpenInPapersExtensionTests.swift */; };
/* End PBXBuildFile section */

/* Begin PBXContainerItemProxy section */
		1A7C5386197D1A8A00EE9A26 /* PBXContainerItemProxy */ = {
			isa = PBXContainerItemProxy;
			containerPortal = 1A7C536B197D1A8900EE9A26 /* Project object */;
			proxyType = 1;
			remoteGlobalIDString = 1A7C5372197D1A8900EE9A26;
			remoteInfo = OpenInPapersExtension;
		};
/* End PBXContainerItemProxy section */

/* Begin PBXFileReference section */
		1A7C5373197D1A8900EE9A26 /* OpenInPapersExtension.app */ = {isa = PBXFileReference; explicitFileType = wrapper.application; includeInIndex = 0; path = OpenInPapersExtension.app; sourceTree = BUILT_PRODUCTS_DIR; };
		1A7C5377197D1A8900EE9A26 /* Info.plist */ = {isa = PBXFileReference; lastKnownFileType = text.plist.xml; path = Info.plist; sourceTree = "<group>"; };
		1A7C5378197D1A8900EE9A26 /* AppDelegate.swift */ = {isa = PBXFileReference; lastKnownFileType = sourcecode.swift; path = AppDelegate.swift; sourceTree = "<group>"; };
		1A7C537A197D1A8900EE9A26 /* ViewController.swift */ = {isa = PBXFileReference; lastKnownFileType = sourcecode.swift; path = ViewController.swift; sourceTree = "<group>"; };
		1A7C537D197D1A8900EE9A26 /* Base */ = {isa = PBXFileReference; lastKnownFileType = file.storyboard; name = Base; path = Base.lproj/Main.storyboard; sourceTree = "<group>"; };
		1A7C537F197D1A8900EE9A26 /* Images.xcassets */ = {isa = PBXFileReference; lastKnownFileType = folder.assetcatalog; path = Images.xcassets; sourceTree = "<group>"; };
		1A7C5385197D1A8A00EE9A26 /* OpenInPapersExtensionTests.xctest */ = {isa = PBXFileReference; explicitFileType = wrapper.cfbundle; includeInIndex = 0; path = OpenInPapersExtensionTests.xctest; sourceTree = BUILT_PRODUCTS_DIR; };
		1A7C538A197D1A8A00EE9A26 /* Info.plist */ = {isa = PBXFileReference; lastKnownFileType = text.plist.xml; path = Info.plist; sourceTree = "<group>"; };
		1A7C538B197D1A8A00EE9A26 /* OpenInPapersExtensionTests.swift */ = {isa = PBXFileReference; lastKnownFileType = sourcecode.swift; path = OpenInPapersExtensionTests.swift; sourceTree = "<group>"; };
/* End PBXFileReference section */

/* Begin PBXFrameworksBuildPhase section */
		1A7C5370197D1A8900EE9A26 /* Frameworks */ = {
			isa = PBXFrameworksBuildPhase;
			buildActionMask = 2147483647;
			files = (
			);
			runOnlyForDeploymentPostprocessing = 0;
		};
		1A7C5382197D1A8A00EE9A26 /* Frameworks */ = {
			isa = PBXFrameworksBuildPhase;
			buildActionMask = 2147483647;
			files = (
			);
			runOnlyForDeploymentPostprocessing = 0;
		};
/* End PBXFrameworksBuildPhase section */

/* Begin PBXGroup section */
		1A7C536A197D1A8900EE9A26 = {
			isa = PBXGroup;
			children = (
				1A7C5375197D1A8900EE9A26 /* OpenInPapersExtension */,
				1A7C5388197D1A8A00EE9A26 /* OpenInPapersExtensionTests */,
				1A7C5374197D1A8900EE9A26 /* Products */,
			);
			sourceTree = "<group>";
		};
		1A7C5374197D1A8900EE9A26 /* Products */ = {
			isa = PBXGroup;
			children = (
				1A7C5373197D1A8900EE9A26 /* OpenInPapersExtension.app */,
				1A7C5385197D1A8A00EE9A26 /* OpenInPapersExtensionTests.xctest */,
			);
			name = Products;
			sourceTree = "<group>";
		};
		1A7C5375197D1A8900EE9A26 /* OpenInPapersExtension */ = {
			isa = PBXGroup;
			children = (
				1A7C5378197D1A8900EE9A26 /* AppDelegate.swift */,
				1A7C537A197D1A8900EE9A26 /* ViewController.swift */,
				1A7C537C197D1A8900EE9A26 /* Main.storyboard */,
				1A7C537F197D1A8900EE9A26 /* Images.xcassets */,
				1A7C5376197D1A8900EE9A26 /* Supporting Files */,
			);
			path = OpenInPapersExtension;
			sourceTree = "<group>";
		};
		1A7C5376197D1A8900EE9A26 /* Supporting Files */ = {
			isa = PBXGroup;
			children = (
				1A7C5377197D1A8900EE9A26 /* Info.plist */,
			);
			name = "Supporting Files";
			sourceTree = "<group>";
		};
		1A7C5388197D1A8A00EE9A26 /* OpenInPapersExtensionTests */ = {
			isa = PBXGroup;
			children = (
				1A7C538B197D1A8A00EE9A26 /* OpenInPapersExtensionTests.swift */,
				1A7C5389197D1A8A00EE9A26 /* Supporting Files */,
			);
			path = OpenInPapersExtensionTests;
			sourceTree = "<group>";
		};
		1A7C5389197D1A8A00EE9A26 /* Supporting Files */ = {
			isa = PBXGroup;
			children = (
				1A7C538A197D1A8A00EE9A26 /* Info.plist */,
			);
			name = "Supporting Files";
			sourceTree = "<group>";
		};
/* End PBXGroup section */

/* Begin PBXNativeTarget section */
		1A7C5372197D1A8900EE9A26 /* OpenInPapersExtension */ = {
			isa = PBXNativeTarget;
			buildConfigurationList = 1A7C538F197D1A8A00EE9A26 /* Build configuration list for PBXNativeTarget "OpenInPapersExtension" */;
			buildPhases = (
				1A7C536F197D1A8900EE9A26 /* Sources */,
				1A7C5370197D1A8900EE9A26 /* Frameworks */,
				1A7C5371197D1A8900EE9A26 /* Resources */,
			);
			buildRules = (
			);
			dependencies = (
			);
			name = OpenInPapersExtension;
			productName = OpenInPapersExtension;
			productReference = 1A7C5373197D1A8900EE9A26 /* OpenInPapersExtension.app */;
			productType = "com.apple.product-type.application";
		};
		1A7C5384197D1A8A00EE9A26 /* OpenInPapersExtensionTests */ = {
			isa = PBXNativeTarget;
			buildConfigurationList = 1A7C5392197D1A8A00EE9A26 /* Build configuration list for PBXNativeTarget "OpenInPapersExtensionTests" */;
			buildPhases = (
				1A7C5381197D1A8A00EE9A26 /* Sources */,
				1A7C5382197D1A8A00EE9A26 /* Frameworks */,
				1A7C5383197D1A8A00EE9A26 /* Resources */,
			);
			buildRules = (
			);
			dependencies = (
				1A7C5387197D1A8A00EE9A26 /* PBXTargetDependency */,
			);
			name = OpenInPapersExtensionTests;
			productName = OpenInPapersExtensionTests;
			productReference = 1A7C5385197D1A8A00EE9A26 /* OpenInPapersExtensionTests.xctest */;
			productType = "com.apple.product-type.bundle.unit-test";
		};
/* End PBXNativeTarget section */

/* Begin PBXProject section */
		1A7C536B197D1A8900EE9A26 /* Project object */ = {
			isa = PBXProject;
			attributes = {
				LastUpgradeCheck = 0600;
				ORGANIZATIONNAME = "James Valaitis";
				TargetAttributes = {
					1A7C5372197D1A8900EE9A26 = {
						CreatedOnToolsVersion = 6.0;
					};
					1A7C5384197D1A8A00EE9A26 = {
						CreatedOnToolsVersion = 6.0;
						TestTargetID = 1A7C5372197D1A8900EE9A26;
					};
				};
			};
			buildConfigurationList = 1A7C536E197D1A8900EE9A26 /* Build configuration list for PBXProject "OpenInPapersExtension" */;
			compatibilityVersion = "Xcode 3.2";
			developmentRegion = English;
			hasScannedForEncodings = 0;
			knownRegions = (
				en,
				Base,
			);
			mainGroup = 1A7C536A197D1A8900EE9A26;
			productRefGroup = 1A7C5374197D1A8900EE9A26 /* Products */;
			projectDirPath = "";
			projectRoot = "";
			targets = (
				1A7C5372197D1A8900EE9A26 /* OpenInPapersExtension */,
				1A7C5384197D1A8A00EE9A26 /* OpenInPapersExtensionTests */,
			);
		};
/* End PBXProject section */

/* Begin PBXResourcesBuildPhase section */
		1A7C5371197D1A8900EE9A26 /* Resources */ = {
			isa = PBXResourcesBuildPhase;
			buildActionMask = 2147483647;
			files = (
				1A7C537E197D1A8900EE9A26 /* Main.storyboard in Resources */,
				1A7C5380197D1A8900EE9A26 /* Images.xcassets in Resources */,
			);
			runOnlyForDeploymentPostprocessing = 0;
		};
		1A7C5383197D1A8A00EE9A26 /* Resources */ = {
			isa = PBXResourcesBuildPhase;
			buildActionMask = 2147483647;
			files = (
			);
			runOnlyForDeploymentPostprocessing = 0;
		};
/* End PBXResourcesBuildPhase section */

/* Begin PBXSourcesBuildPhase section */
		1A7C536F197D1A8900EE9A26 /* Sources */ = {
			isa = PBXSourcesBuildPhase;
			buildActionMask = 2147483647;
			files = (
				1A7C537B197D1A8900EE9A26 /* ViewController.swift in Sources */,
				1A7C5379197D1A8900EE9A26 /* AppDelegate.swift in Sources */,
			);
			runOnlyForDeploymentPostprocessing = 0;
		};
		1A7C5381197D1A8A00EE9A26 /* Sources */ = {
			isa = PBXSourcesBuildPhase;
			buildActionMask = 2147483647;
			files = (
				1A7C538C197D1A8A00EE9A26 /* OpenInPapersExtensionTests.swift in Sources */,
			);
			runOnlyForDeploymentPostprocessing = 0;
		};
/* End PBXSourcesBuildPhase section */

/* Begin PBXTargetDependency section */
		1A7C5387197D1A8A00EE9A26 /* PBXTargetDependency */ = {
			isa = PBXTargetDependency;
			target = 1A7C5372197D1A8900EE9A26 /* OpenInPapersExtension */;
			targetProxy = 1A7C5386197D1A8A00EE9A26 /* PBXContainerItemProxy */;
		};
/* End PBXTargetDependency section */

/* Begin PBXVariantGroup section */
		1A7C537C197D1A8900EE9A26 /* Main.storyboard */ = {
			isa = PBXVariantGroup;
			children = (
				1A7C537D197D1A8900EE9A26 /* Base */,
			);
			name = Main.storyboard;
			sourceTree = "<group>";
		};
/* End PBXVariantGroup section */

/* Begin XCBuildConfiguration section */
		1A7C538D197D1A8A00EE9A26 /* Debug */ = {
			isa = XCBuildConfiguration;
			buildSettings = {
				ALWAYS_SEARCH_USER_PATHS = NO;
				CLANG_CXX_LANGUAGE_STANDARD = "gnu++0x";
				CLANG_CXX_LIBRARY = "libc++";
				CLANG_ENABLE_MODULES = YES;
				CLANG_ENABLE_OBJC_ARC = YES;
				CLANG_WARN_BOOL_CONVERSION = YES;
				CLANG_WARN_CONSTANT_CONVERSION = YES;
				CLANG_WARN_DIRECT_OBJC_ISA_USAGE = YES_ERROR;
				CLANG_WARN_EMPTY_BODY = YES;
				CLANG_WARN_ENUM_CONVERSION = YES;
				CLANG_WARN_INT_CONVERSION = YES;
				CLANG_WARN_OBJC_ROOT_CLASS = YES_ERROR;
				CLANG_WARN_UNREACHABLE_CODE = YES;
				CLANG_WARN__DUPLICATE_METHOD_MATCH = YES;
				"CODE_SIGN_IDENTITY[sdk=iphoneos*]" = "iPhone Developer";
				COPY_PHASE_STRIP = NO;
				ENABLE_STRICT_OBJC_MSGSEND = YES;
				GCC_C_LANGUAGE_STANDARD = gnu99;
				GCC_DYNAMIC_NO_PIC = NO;
				GCC_OPTIMIZATION_LEVEL = 0;
				GCC_PREPROCESSOR_DEFINITIONS = (
					"DEBUG=1",
					"$(inherited)",
				);
				GCC_SYMBOLS_PRIVATE_EXTERN = NO;
				GCC_WARN_64_TO_32_BIT_CONVERSION = YES;
				GCC_WARN_ABOUT_RETURN_TYPE = YES_ERROR;
				GCC_WARN_UNDECLARED_SELECTOR = YES;
				GCC_WARN_UNINITIALIZED_AUTOS = YES_AGGRESSIVE;
				GCC_WARN_UNUSED_FUNCTION = YES;
				GCC_WARN_UNUSED_VARIABLE = YES;
				IPHONEOS_DEPLOYMENT_TARGET = 8.0;
				MTL_ENABLE_DEBUG_INFO = YES;
				ONLY_ACTIVE_ARCH = YES;
				SDKROOT = iphoneos;
				SWIFT_OPTIMIZATION_LEVEL = "-Onone";
				TARGETED_DEVICE_FAMILY = "1,2";
			};
			name = Debug;
		};
		1A7C538E197D1A8A00EE9A26 /* Release */ = {
			isa = XCBuildConfiguration;
			buildSettings = {
				ALWAYS_SEARCH_USER_PATHS = NO;
				CLANG_CXX_LANGUAGE_STANDARD = "gnu++0x";
				CLANG_CXX_LIBRARY = "libc++";
				CLANG_ENABLE_MODULES = YES;
				CLANG_ENABLE_OBJC_ARC = YES;
				CLANG_WARN_BOOL_CONVERSION = YES;
				CLANG_WARN_CONSTANT_CONVERSION = YES;
				CLANG_WARN_DIRECT_OBJC_ISA_USAGE = YES_ERROR;
				CLANG_WARN_EMPTY_BODY = YES;
				CLANG_WARN_ENUM_CONVERSION = YES;
				CLANG_WARN_INT_CONVERSION = YES;
				CLANG_WARN_OBJC_ROOT_CLASS = YES_ERROR;
				CLANG_WARN_UNREACHABLE_CODE = YES;
				CLANG_WARN__DUPLICATE_METHOD_MATCH = YES;
				"CODE_SIGN_IDENTITY[sdk=iphoneos*]" = "iPhone Developer";
				COPY_PHASE_STRIP = YES;
				ENABLE_NS_ASSERTIONS = NO;
				ENABLE_STRICT_OBJC_MSGSEND = YES;
				GCC_C_LANGUAGE_STANDARD = gnu99;
				GCC_WARN_64_TO_32_BIT_CONVERSION = YES;
				GCC_WARN_ABOUT_RETURN_TYPE = YES_ERROR;
				GCC_WARN_UNDECLARED_SELECTOR = YES;
				GCC_WARN_UNINITIALIZED_AUTOS = YES_AGGRESSIVE;
				GCC_WARN_UNUSED_FUNCTION = YES;
				GCC_WARN_UNUSED_VARIABLE = YES;
				IPHONEOS_DEPLOYMENT_TARGET = 8.0;
				MTL_ENABLE_DEBUG_INFO = NO;
				SDKROOT = iphoneos;
				TARGETED_DEVICE_FAMILY = "1,2";
				VALIDATE_PRODUCT = YES;
			};
			name = Release;
		};
		1A7C5390197D1A8A00EE9A26 /* Debug */ = {
			isa = XCBuildConfiguration;
			buildSettings = {
				ASSETCATALOG_COMPILER_APPICON_NAME = AppIcon;
				ASSETCATALOG_COMPILER_LAUNCHIMAGE_NAME = LaunchImage;
				INFOPLIST_FILE = OpenInPapersExtension/Info.plist;
				LD_RUNPATH_SEARCH_PATHS = "$(inherited) @executable_path/Frameworks";
				PRODUCT_NAME = "$(TARGET_NAME)";
			};
			name = Debug;
		};
		1A7C5391197D1A8A00EE9A26 /* Release */ = {
			isa = XCBuildConfiguration;
			buildSettings = {
				ASSETCATALOG_COMPILER_APPICON_NAME = AppIcon;
				ASSETCATALOG_COMPILER_LAUNCHIMAGE_NAME = LaunchImage;
				INFOPLIST_FILE = OpenInPapersExtension/Info.plist;
				LD_RUNPATH_SEARCH_PATHS = "$(inherited) @executable_path/Frameworks";
				PRODUCT_NAME = "$(TARGET_NAME)";
			};
			name = Release;
		};
		1A7C5393197D1A8A00EE9A26 /* Debug */ = {
			isa = XCBuildConfiguration;
			buildSettings = {
				BUNDLE_LOADER = "$(BUILT_PRODUCTS_DIR)/OpenInPapersExtension.app/OpenInPapersExtension";
				FRAMEWORK_SEARCH_PATHS = (
					"$(SDKROOT)/Developer/Library/Frameworks",
					"$(inherited)",
				);
				GCC_PREPROCESSOR_DEFINITIONS = (
					"DEBUG=1",
					"$(inherited)",
				);
				INFOPLIST_FILE = OpenInPapersExtensionTests/Info.plist;
				LD_RUNPATH_SEARCH_PATHS = "$(inherited) @executable_path/Frameworks @loader_path/Frameworks";
				PRODUCT_NAME = "$(TARGET_NAME)";
				TEST_HOST = "$(BUNDLE_LOADER)";
			};
			name = Debug;
		};
		1A7C5394197D1A8A00EE9A26 /* Release */ = {
			isa = XCBuildConfiguration;
			buildSettings = {
				BUNDLE_LOADER = "$(BUILT_PRODUCTS_DIR)/OpenInPapersExtension.app/OpenInPapersExtension";
				FRAMEWORK_SEARCH_PATHS = (
					"$(SDKROOT)/Developer/Library/Frameworks",
					"$(inherited)",
				);
				INFOPLIST_FILE = OpenInPapersExtensionTests/Info.plist;
				LD_RUNPATH_SEARCH_PATHS = "$(inherited) @executable_path/Frameworks @loader_path/Frameworks";
				PRODUCT_NAME = "$(TARGET_NAME)";
				TEST_HOST = "$(BUNDLE_LOADER)";
			};
			name = Release;
		};
/* End XCBuildConfiguration section */

/* Begin XCConfigurationList section */
		1A7C536E197D1A8900EE9A26 /* Build configuration list for PBXProject "OpenInPapersExtension" */ = {
			isa = XCConfigurationList;
			buildConfigurations = (
				1A7C538D197D1A8A00EE9A26 /* Debug */,
				1A7C538E197D1A8A00EE9A26 /* Release */,
			);
			defaultConfigurationIsVisible = 0;
			defaultConfigurationName = Release;
		};
		1A7C538F197D1A8A00EE9A26 /* Build configuration list for PBXNativeTarget "OpenInPapersExtension" */ = {
			isa = XCConfigurationList;
			buildConfigurations = (
				1A7C5390197D1A8A00EE9A26 /* Debug */,
				1A7C5391197D1A8A00EE9A26 /* Release */,
			);
			defaultConfigurationIsVisible = 0;
		};
		1A7C5392197D1A8A00EE9A26 /* Build configuration list for PBXNativeTarget "OpenInPapersExtensionTests" */ = {
			isa = XCConfigurationList;
			buildConfigurations = (
				1A7C5393197D1A8A00EE9A26 /* Debug */,
				1A7C5394197D1A8A00EE9A26 /* Release */,
			);
			defaultConfigurationIsVisible = 0;
		};
/* End XCConfigurationList section */
	};
	rootObject = 1A7C536B197D1A8900EE9A26 /* Project object */;
}
